
Microsoft Visual Studio Solution File, Format Version 12.00
# Visual Studio Version 16
VisualStudioVersion = 16.0.30225.117
MinimumVisualStudioVersion = 10.0.40219.1
Project("{8BC9CEB8-8B4A-11D0-8D11-00A0C91BC942}") = "plugin_demo", "plugin_demo.vcxproj", "{14972DFE-0EE1-401A-8BD2-ABCABED0E04F}"
EndProject
Project("{8BC9CEB8-8B4A-11D0-8D11-00A0C91BC942}") = "unit_test", "unit_test.vcxproj", "{2A35D3A4-F47E-4D60-A7EE-74E917A16BE0}"
EndProject
Project("{8BC9CEB8-8B4A-11D0-8D11-00A0C91BC942}") = "gaius", "gaius.vcxproj", "{5538DAFC-6221-4D68-ACA7-EBB877E3A776}"
EndProject
Project("{8BC9CEB8-8B4A-11D0-8D11-00A0C91BC942}") = "cassius", "cassius.vcxproj", "{A65A1920-0568-4AAB-ADF4-1F8FE968EF6D}"
EndProject
Project("{8BC9CEB8-8B4A-11D0-8D11-00A0C91BC942}") = "irisviel", "irisviel.vcxproj", "{D98B6648-EF69-4B72-8348-0EB05A750B95}"
EndProject
Project("{8BC9CEB8-8B4A-11D0-8D11-00A0C91BC942}") = "longinus", "longinus.vcxproj", "{C7E05B72-2AB4-41A7-A924-7FEB639F894A}"
EndProject
Project("{8BC9CEB8-8B4A-11D0-8D11-00A0C91BC942}") = "romancia", "romancia.vcxproj", "{EABF26DD-9633-4D14-AD15-9CF56D8C82EA}"
EndProject
Global
	GlobalSection(SolutionConfigurationPlatforms) = preSolution
		Debug|x64 = Debug|x64
		Debug|x86 = Debug|x86
		Release|x64 = Release|x64
		Release|x86 = Release|x86
	EndGlobalSection
	GlobalSection(ProjectConfigurationPlatforms) = postSolution
		{14972DFE-0EE1-401A-8BD2-ABCABED0E04F}.Debug|x64.ActiveCfg = Debug|x64
		{14972DFE-0EE1-401A-8BD2-ABCABED0E04F}.Debug|x64.Build.0 = Debug|x64
		{14972DFE-0EE1-401A-8BD2-ABCABED0E04F}.Debug|x86.ActiveCfg = Debug|x64
		{14972DFE-0EE1-401A-8BD2-ABCABED0E04F}.Release|x64.ActiveCfg = Release|x64
		{14972DFE-0EE1-401A-8BD2-ABCABED0E04F}.Release|x64.Build.0 = Release|x64
		{14972DFE-0EE1-401A-8BD2-ABCABED0E04F}.Release|x86.ActiveCfg = Release|x64
		{2A35D3A4-F47E-4D60-A7EE-74E917A16BE0}.Debug|x64.ActiveCfg = Debug|x64
		{2A35D3A4-F47E-4D60-A7EE-74E917A16BE0}.Debug|x64.Build.0 = Debug|x64
		{2A35D3A4-F47E-4D60-A7EE-74E917A16BE0}.Debug|x86.ActiveCfg = Debug|x64
		{2A35D3A4-F47E-4D60-A7EE-74E917A16BE0}.Release|x64.ActiveCfg = Release|x64
		{2A35D3A4-F47E-4D60-A7EE-74E917A16BE0}.Release|x64.Build.0 = Release|x64
		{2A35D3A4-F47E-4D60-A7EE-74E917A16BE0}.Release|x86.ActiveCfg = Release|x64
		{5538DAFC-6221-4D68-ACA7-EBB877E3A776}.Debug|x64.ActiveCfg = Debug|x64
		{5538DAFC-6221-4D68-ACA7-EBB877E3A776}.Debug|x64.Build.0 = Debug|x64
		{5538DAFC-6221-4D68-ACA7-EBB877E3A776}.Debug|x86.ActiveCfg = Debug|x64
		{5538DAFC-6221-4D68-ACA7-EBB877E3A776}.Release|x64.ActiveCfg = Release|x64
		{5538DAFC-6221-4D68-ACA7-EBB877E3A776}.Release|x64.Build.0 = Release|x64
		{5538DAFC-6221-4D68-ACA7-EBB877E3A776}.Release|x86.ActiveCfg = Release|x64
		{A65A1920-0568-4AAB-ADF4-1F8FE968EF6D}.Debug|x64.ActiveCfg = Debug|x64
		{A65A1920-0568-4AAB-ADF4-1F8FE968EF6D}.Debug|x64.Build.0 = Debug|x64
		{A65A1920-0568-4AAB-ADF4-1F8FE968EF6D}.Debug|x86.ActiveCfg = Debug|x64
		{A65A1920-0568-4AAB-ADF4-1F8FE968EF6D}.Release|x64.ActiveCfg = Release|x64
		{A65A1920-0568-4AAB-ADF4-1F8FE968EF6D}.Release|x64.Build.0 = Release|x64
		{A65A1920-0568-4AAB-ADF4-1F8FE968EF6D}.Release|x86.ActiveCfg = Release|x64
		{D98B6648-EF69-4B72-8348-0EB05A750B95}.Debug|x64.ActiveCfg = Debug|x64
		{D98B6648-EF69-4B72-8348-0EB05A750B95}.Debug|x64.Build.0 = Debug|x64
		{D98B6648-EF69-4B72-8348-0EB05A750B95}.Debug|x86.ActiveCfg = Debug|x64
		{D98B6648-EF69-4B72-8348-0EB05A750B95}.Release|x64.ActiveCfg = Release|x64
		{D98B6648-EF69-4B72-8348-0EB05A750B95}.Release|x64.Build.0 = Release|x64
		{D98B6648-EF69-4B72-8348-0EB05A750B95}.Release|x86.ActiveCfg = Release|x64
		{C7E05B72-2AB4-41A7-A924-7FEB639F894A}.Debug|x64.ActiveCfg = Debug|x64
		{C7E05B72-2AB4-41A7-A924-7FEB639F894A}.Debug|x64.Build.0 = Debug|x64
		{C7E05B72-2AB4-41A7-A924-7FEB639F894A}.Debug|x86.ActiveCfg = Debug|Win32
		{C7E05B72-2AB4-41A7-A924-7FEB639F894A}.Debug|x86.Build.0 = Debug|Win32
		{C7E05B72-2AB4-41A7-A924-7FEB639F894A}.Release|x64.ActiveCfg = Release|x64
		{C7E05B72-2AB4-41A7-A924-7FEB639F894A}.Release|x64.Build.0 = Release|x64
		{C7E05B72-2AB4-41A7-A924-7FEB639F894A}.Release|x86.ActiveCfg = Release|Win32
		{C7E05B72-2AB4-41A7-A924-7FEB639F894A}.Release|x86.Build.0 = Release|Win32
		{EABF26DD-9633-4D14-AD15-9CF56D8C82EA}.Debug|x64.ActiveCfg = Debug|x64
		{EABF26DD-9633-4D14-AD15-9CF56D8C82EA}.Debug|x64.Build.0 = Debug|x64
		{EABF26DD-9633-4D14-AD15-9CF56D8C82EA}.Debug|x86.ActiveCfg = Debug|Win32
		{EABF26DD-9633-4D14-AD15-9CF56D8C82EA}.Debug|x86.Build.0 = Debug|Win32
		{EABF26DD-9633-4D14-AD15-9CF56D8C82EA}.Release|x64.ActiveCfg = Release|x64
		{EABF26DD-9633-4D14-AD15-9CF56D8C82EA}.Release|x64.Build.0 = Release|x64
		{EABF26DD-9633-4D14-AD15-9CF56D8C82EA}.Release|x86.ActiveCfg = Release|Win32
		{EABF26DD-9633-4D14-AD15-9CF56D8C82EA}.Release|x86.Build.0 = Release|Win32
	EndGlobalSection
	GlobalSection(SolutionProperties) = preSolution
		HideSolutionNode = FALSE
	EndGlobalSection
	GlobalSection(ExtensibilityGlobals) = postSolution
		SolutionGuid = {5CF49894-05A6-4AEC-8447-F646E8AC645F}
	EndGlobalSection
EndGlobal
