<?xml version="1.0" encoding="utf-8"?>
<Project ToolsVersion="4.0" xmlns="http://schemas.microsoft.com/developer/msbuild/2003">
  <ItemGroup>
    <ClCompile Include="..\cpp\irisviel\exports.cpp" />
    <ClCompile Include="..\cpp\irisviel\brute_force_search_impl.cpp">
      <Filter>internal</Filter>
    </ClCompile>
    <ClCompile Include="..\cpp\irisviel\database_business_wrapper.cpp">
      <Filter>internal</Filter>
    </ClCompile>
    <ClCompile Include="..\cpp\irisviel\database_cache.cpp">
      <Filter>internal</Filter>
    </ClCompile>
    <ClCompile Include="..\cpp\irisviel\database_feature_observer.cpp">
      <Filter>internal</Filter>
    </ClCompile>
    <ClCompile Include="..\cpp\irisviel\database_header.cpp">
      <Filter>internal</Filter>
    </ClCompile>
    <ClCompile Include="..\cpp\irisviel\database_manager.cpp">
      <Filter>internal</Filter>
    </ClCompile>
    <ClCompile Include="..\cpp\irisviel\database_record.cpp">
      <Filter>internal</Filter>
    </ClCompile>
    <ClCompile Include="..\cpp\irisviel\distance.cpp">
      <Filter>internal</Filter>
    </ClCompile>
    <ClCompile Include="..\cpp\irisviel\filesystem_utils.cpp">
      <Filter>internal</Filter>
    </ClCompile>
    <ClCompile Include="..\cpp\irisviel\index_builder.cpp">
      <Filter>internal</Filter>
    </ClCompile>
    <ClCompile Include="..\cpp\irisviel\irisviel_c.cxx">
      <Filter>internal</Filter>
    </ClCompile>
    <ClCompile Include="..\cpp\irisviel\irisviel_search.cpp">
      <Filter>internal</Filter>
    </ClCompile>
    <ClCompile Include="..\cpp\irisviel\kgraph_internal.cpp">
      <Filter>internal</Filter>
    </ClCompile>
    <ClCompile Include="..\cpp\irisviel\memory_mapping.cpp">
      <Filter>internal</Filter>
    </ClCompile>
    <ClCompile Include="..\cpp\irisviel\memory_mapping_operator.cpp">
      <Filter>internal</Filter>
    </ClCompile>
    <ClCompile Include="..\cpp\irisviel\memory_resource_adapter.cpp">
      <Filter>internal</Filter>
    </ClCompile>
    <ClCompile Include="..\cpp\irisviel\ngraph_internal.cpp">
      <Filter>internal</Filter>
    </ClCompile>
    <ClCompile Include="..\cpp\irisviel\search.cpp">
      <Filter>internal</Filter>
    </ClCompile>
    <ClCompile Include="..\cpp\irisviel\face_service_internal.cpp">
      <Filter>internal</Filter>
    </ClCompile>
    <ClCompile Include="..\cpp\irisviel\face_service_impl.cpp" />
    <ClCompile Include="..\cpp\irisviel\record_impl.cpp" />
    <ClCompile Include="..\cpp\irisviel\search_result_impl.cpp" />
  </ItemGroup>
  <ItemGroup>
    <ClInclude Include="..\cpp\irisviel\search_result.hpp" />
    <ClInclude Include="..\cpp\irisviel\face_service.hpp" />
    <ClInclude Include="..\cpp\irisviel\brute_force_search_impl.hpp">
      <Filter>internal</Filter>
    </ClInclude>
    <ClInclude Include="..\cpp\irisviel\database_business_wrapper.hpp">
      <Filter>internal</Filter>
    </ClInclude>
    <ClInclude Include="..\cpp\irisviel\database_cache.hpp">
      <Filter>internal</Filter>
    </ClInclude>
    <ClInclude Include="..\cpp\irisviel\database_feature_observer.hpp">
      <Filter>internal</Filter>
    </ClInclude>
    <ClInclude Include="..\cpp\irisviel\database_header.hpp">
      <Filter>internal</Filter>
    </ClInclude>
    <ClInclude Include="..\cpp\irisviel\database_manager.hpp">
      <Filter>internal</Filter>
    </ClInclude>
    <ClInclude Include="..\cpp\irisviel\database_record.hpp">
      <Filter>internal</Filter>
    </ClInclude>
    <ClInclude Include="..\cpp\irisviel\database_search_result.hpp">
      <Filter>internal</Filter>
    </ClInclude>
    <ClInclude Include="..\cpp\irisviel\distance.hpp">
      <Filter>internal</Filter>
    </ClInclude>
    <ClInclude Include="..\cpp\irisviel\dynamic_buffer.hpp">
      <Filter>internal</Filter>
    </ClInclude>
    <ClInclude Include="..\cpp\irisviel\feature_searcher.hpp">
      <Filter>internal</Filter>
    </ClInclude>
    <ClInclude Include="..\cpp\irisviel\filesystem_utils.hpp">
      <Filter>internal</Filter>
    </ClInclude>
    <ClInclude Include="..\cpp\irisviel\index_builder.hpp">
      <Filter>internal</Filter>
    </ClInclude>
    <ClInclude Include="..\cpp\irisviel\irisviel_c.h">
      <Filter>internal</Filter>
    </ClInclude>
    <ClInclude Include="..\cpp\irisviel\irisviel_search.hpp">
      <Filter>internal</Filter>
    </ClInclude>
    <ClInclude Include="..\cpp\irisviel\irisviel_types.hpp">
      <Filter>internal</Filter>
    </ClInclude>
    <ClInclude Include="..\cpp\irisviel\IrisvielSearch.hpp">
      <Filter>internal</Filter>
    </ClInclude>
    <ClInclude Include="..\cpp\irisviel\kgraph_internal.hpp">
      <Filter>internal</Filter>
    </ClInclude>
    <ClInclude Include="..\cpp\irisviel\memory_mapping.hpp">
      <Filter>internal</Filter>
    </ClInclude>
    <ClInclude Include="..\cpp\irisviel\memory_mapping_operator.hpp">
      <Filter>internal</Filter>
    </ClInclude>
    <ClInclude Include="..\cpp\irisviel\memory_resource_adapter.hpp">
      <Filter>internal</Filter>
    </ClInclude>
    <ClInclude Include="..\cpp\irisviel\neighbor.hpp">
      <Filter>internal</Filter>
    </ClInclude>
    <ClInclude Include="..\cpp\irisviel\ngraph_internal.hpp">
      <Filter>internal</Filter>
    </ClInclude>
    <ClInclude Include="..\cpp\irisviel\nsg_calculate_error.hpp">
      <Filter>internal</Filter>
    </ClInclude>
    <ClInclude Include="..\cpp\irisviel\search.hpp">
      <Filter>internal</Filter>
    </ClInclude>
    <ClInclude Include="..\cpp\irisviel\face_service_internal.hpp">
      <Filter>internal</Filter>
    </ClInclude>
    <ClInclude Include="..\cpp\irisviel\face_service_impl.hpp" />
    <ClInclude Include="..\cpp\irisviel\record_impl.hpp" />
    <ClInclude Include="..\cpp\irisviel\record.hpp" />
    <ClInclude Include="..\cpp\irisviel\search_result_impl.hpp" />
  </ItemGroup>
  <ItemGroup>
    <Filter Include="internal">
      <UniqueIdentifier>{d207ef40-1153-44af-9d87-9cc7a9d086f2}</UniqueIdentifier>
    </Filter>
  </ItemGroup>
</Project>